PODS:
  - Alamofire (4.9.1)
  - AlamofireImage (3.6.0):
    - Alamofire (~> 4.9)
  - InputMask (5.0.0)
  - moko-widgets-flat (0.1.0):
    - InputMask (~> 5.0.0)
  - mppLibraryIos (0.1.0)
  - MultiPlatformLibrary (0.1.0)
  - MultiPlatformLibraryMvvm (0.3.0):
    - MultiPlatformLibrary
    - MultiPlatformLibraryMvvm/AlamofireImage (= 0.3.0)
    - MultiPlatformLibraryMvvm/Core (= 0.3.0)
    - MultiPlatformLibraryMvvm/SkyFloatingLabelTextField (= 0.3.0)
  - MultiPlatformLibraryMvvm/AlamofireImage (0.3.0):
    - AlamofireImage
    - MultiPlatformLibrary
  - MultiPlatformLibraryMvvm/Core (0.3.0):
    - MultiPlatformLibrary
  - MultiPlatformLibraryMvvm/SkyFloatingLabelTextField (0.3.0):
    - MultiPlatformLibrary
    - SkyFloatingLabelTextField
  - SkyFloatingLabelTextField (3.7.0)

DEPENDENCIES:
  - moko-widgets-flat (from `../../`)
  - mppLibraryIos (from `../mpp-library`)
  - MultiPlatformLibrary (from `../mpp-library`)
  - MultiPlatformLibraryMvvm (from `https://github.com/icerockdev/moko-mvvm.git`, tag `release/0.4.0-dev-2`)

SPEC REPOS:
  https://github.com/CocoaPods/Specs.git:
    - Alamofire
    - AlamofireImage
    - InputMask
    - SkyFloatingLabelTextField

EXTERNAL SOURCES:
  moko-widgets-flat:
    :path: "../../"
  mppLibraryIos:
    :path: "../mpp-library"
  MultiPlatformLibrary:
    :path: "../mpp-library"
  MultiPlatformLibraryMvvm:
    :git: https://github.com/icerockdev/moko-mvvm.git
    :tag: release/0.4.0-dev-2

CHECKOUT OPTIONS:
  MultiPlatformLibraryMvvm:
    :git: https://github.com/icerockdev/moko-mvvm.git
    :tag: release/0.4.0-dev-2

SPEC CHECKSUMS:
  Alamofire: 85e8a02c69d6020a0d734f6054870d7ecb75cf18
  AlamofireImage: be9963c6582d68b39e89191f64c82a7d7bf40fdd
  InputMask: 8a10dbc8ac3f94f0a5b4c380424bbe6795c69b16
  moko-widgets-flat: 3d68acddc0469a1288ede5b5b63b6588de5aa5e1
  mppLibraryIos: 72c3984fbaa53978d678e62096fd613e67839f0c
  MultiPlatformLibrary: 176fb8ade516666cd47e93de1b71ba0441a541bb
  MultiPlatformLibraryMvvm: 999ac3896d8214fd65e0e0a376a2e553bf4515b3
  SkyFloatingLabelTextField: 4b46db0ab1ccde0919cded29c656e6b4805eda04

PODFILE CHECKSUM: b95d0731e9584e1df018ffba89fb5d4f0b7b3e78

COCOAPODS: 1.8.3
